
Microsoft Visual Studio Solution File, Format Version 12.00
# Visual Studio Version 17
VisualStudioVersion = 17.7.34031.279
MinimumVisualStudioVersion = 10.0.40219.1
Project("{FAE04EC0-301F-11D3-BF4B-00C04F79EFBC}") = "UserComplaint", "UserComplaint\UserComplaint.csproj", "{11C05329-CF0D-4B9E-9404-1FB0EAF6F713}"
EndProject
Project("{FAE04EC0-301F-11D3-BF4B-00C04F79EFBC}") = "Infrastructure", "Infrastructure\Infrastructure.csproj", "{D15855C3-D2EA-4FD0-9A29-2800C9BD087A}"
EndProject
Project("{FAE04EC0-301F-11D3-BF4B-00C04F79EFBC}") = "Core", "Core\Core.csproj", "{8ACF4E22-8699-49BD-91E4-EBFD43FC7C76}"
EndProject
Global
	GlobalSection(SolutionConfigurationPlatforms) = preSolution
		Debug|Any CPU = Debug|Any CPU
		Release|Any CPU = Release|Any CPU
	EndGlobalSection
	GlobalSection(ProjectConfigurationPlatforms) = postSolution
		{11C05329-CF0D-4B9E-9404-1FB0EAF6F713}.Debug|Any CPU.ActiveCfg = Debug|Any CPU
		{11C05329-CF0D-4B9E-9404-1FB0EAF6F713}.Debug|Any CPU.Build.0 = Debug|Any CPU
		{11C05329-CF0D-4B9E-9404-1FB0EAF6F713}.Release|Any CPU.ActiveCfg = Release|Any CPU
		{11C05329-CF0D-4B9E-9404-1FB0EAF6F713}.Release|Any CPU.Build.0 = Release|Any CPU
		{D15855C3-D2EA-4FD0-9A29-2800C9BD087A}.Debug|Any CPU.ActiveCfg = Debug|Any CPU
		{D15855C3-D2EA-4FD0-9A29-2800C9BD087A}.Debug|Any CPU.Build.0 = Debug|Any CPU
		{D15855C3-D2EA-4FD0-9A29-2800C9BD087A}.Release|Any CPU.ActiveCfg = Release|Any CPU
		{D15855C3-D2EA-4FD0-9A29-2800C9BD087A}.Release|Any CPU.Build.0 = Release|Any CPU
		{8ACF4E22-8699-49BD-91E4-EBFD43FC7C76}.Debug|Any CPU.ActiveCfg = Debug|Any CPU
		{8ACF4E22-8699-49BD-91E4-EBFD43FC7C76}.Debug|Any CPU.Build.0 = Debug|Any CPU
		{8ACF4E22-8699-49BD-91E4-EBFD43FC7C76}.Release|Any CPU.ActiveCfg = Release|Any CPU
		{8ACF4E22-8699-49BD-91E4-EBFD43FC7C76}.Release|Any CPU.Build.0 = Release|Any CPU
	EndGlobalSection
	GlobalSection(SolutionProperties) = preSolution
		HideSolutionNode = FALSE
	EndGlobalSection
	GlobalSection(ExtensibilityGlobals) = postSolution
		SolutionGuid = {E03A671C-3DF2-4056-BF1C-9FAABDD6E52A}
	EndGlobalSection
EndGlobal
